
Microsoft Visual Studio Solution File, Format Version 11.00
# Visual Studio 2010
Project("{FAE04EC0-301F-11D3-BF4B-00C04F79EFBC}") = "Assembly-CSharp", "Assembly-CSharp.csproj", "{3AD5D737-BB46-43C5-6011-5F44AA481467}"
EndProject
Project("{FAE04EC0-301F-11D3-BF4B-00C04F79EFBC}") = "UnityEngine.TestRunner", "UnityEngine.TestRunner.csproj", "{E025EA90-C78F-9AC0-F05D-C35AFF9569C1}"
EndProject
Project("{FAE04EC0-301F-11D3-BF4B-00C04F79EFBC}") = "spine-unity-examples", "spine-unity-examples.csproj", "{D6A58FDB-716E-A35E-63E7-4F684EB27A4B}"
EndProject
Project("{FAE04EC0-301F-11D3-BF4B-00C04F79EFBC}") = "spine-unity", "spine-unity.csproj", "{2C89CBA3-08BB-0C61-05D3-972ADC0DD2B5}"
EndProject
Project("{FAE04EC0-301F-11D3-BF4B-00C04F79EFBC}") = "Unity.2D.Animation.Triangle.Runtime", "Unity.2D.Animation.Triangle.Runtime.csproj", "{C3FAB29D-5BF8-BC34-60CB-67F1F47A1DE4}"
EndProject
Project("{FAE04EC0-301F-11D3-BF4B-00C04F79EFBC}") = "UnityEngine.UI", "UnityEngine.UI.csproj", "{01888144-24C7-EF8D-DDCC-2F69F07179F5}"
EndProject
Project("{FAE04EC0-301F-11D3-BF4B-00C04F79EFBC}") = "Unity.TextMeshPro", "Unity.TextMeshPro.csproj", "{C15AF1E8-68A1-2A1E-80D2-8E60BD939F93}"
EndProject
Project("{FAE04EC0-301F-11D3-BF4B-00C04F79EFBC}") = "Unity.2D.Animation.Runtime", "Unity.2D.Animation.Runtime.csproj", "{326D1CCA-FB50-9598-E741-941A90BEB579}"
EndProject
Project("{FAE04EC0-301F-11D3-BF4B-00C04F79EFBC}") = "Unity.Timeline", "Unity.Timeline.csproj", "{A5411E80-1028-4520-CDE1-C07180FAD1BF}"
EndProject
Project("{FAE04EC0-301F-11D3-BF4B-00C04F79EFBC}") = "Unity.Mathematics", "Unity.Mathematics.csproj", "{9D91C28E-E091-3E28-BF88-28E729B7FE3D}"
EndProject
Project("{FAE04EC0-301F-11D3-BF4B-00C04F79EFBC}") = "Unity.2D.SpriteShape.Runtime", "Unity.2D.SpriteShape.Runtime.csproj", "{4DBB3D16-1CDB-5F16-1FE5-B60B269B18D3}"
EndProject
Project("{FAE04EC0-301F-11D3-BF4B-00C04F79EFBC}") = "Unity.2D.IK.Runtime", "Unity.2D.IK.Runtime.csproj", "{037C5131-19BA-8CC8-25BE-CEF54A74E5CF}"
EndProject
Project("{FAE04EC0-301F-11D3-BF4B-00C04F79EFBC}") = "Unity.2D.Tilemap.Extras", "Unity.2D.Tilemap.Extras.csproj", "{0D979CDD-8CFA-5E34-E5F7-F9C2A7FC29E6}"
EndProject
Project("{FAE04EC0-301F-11D3-BF4B-00C04F79EFBC}") = "Unity.InternalAPIEngineBridge.001", "Unity.InternalAPIEngineBridge.001.csproj", "{061270B3-F96F-9C5C-4343-95D5C721DE04}"
EndProject
Project("{FAE04EC0-301F-11D3-BF4B-00C04F79EFBC}") = "Unity.2D.Animation.Samples.Runtime", "Unity.2D.Animation.Samples.Runtime.csproj", "{43FE15FC-EE31-9E67-8C40-7E4E619D4E35}"
EndProject
Project("{FAE04EC0-301F-11D3-BF4B-00C04F79EFBC}") = "Unity.2D.Animation.Samples.Dependency", "Unity.2D.Animation.Samples.Dependency.csproj", "{20F23A3C-D0C8-4B72-0EDB-F4F25F9DDD79}"
EndProject
Project("{FAE04EC0-301F-11D3-BF4B-00C04F79EFBC}") = "Unity.2D.Common.Runtime", "Unity.2D.Common.Runtime.csproj", "{E1C4FC3F-02A1-BDE1-4B42-14BED774A759}"
EndProject
Project("{FAE04EC0-301F-11D3-BF4B-00C04F79EFBC}") = "spine-unity-editor", "spine-unity-editor.csproj", "{72DE7E71-83B9-6021-D86A-56184E0ABB9E}"
EndProject
Project("{FAE04EC0-301F-11D3-BF4B-00C04F79EFBC}") = "UnityEditor.TestRunner", "UnityEditor.TestRunner.csproj", "{9BCE459E-7EE5-E991-DD53-2626C294DEBA}"
EndProject
Project("{FAE04EC0-301F-11D3-BF4B-00C04F79EFBC}") = "Unity.VisualStudio.Editor", "Unity.VisualStudio.Editor.csproj", "{CFE8075B-D301-BB68-C32D-6592088A08CF}"
EndProject
Project("{FAE04EC0-301F-11D3-BF4B-00C04F79EFBC}") = "Unity.TextMeshPro.Editor", "Unity.TextMeshPro.Editor.csproj", "{17296A3A-38A1-E316-47CE-61824614DAFD}"
EndProject
Project("{FAE04EC0-301F-11D3-BF4B-00C04F79EFBC}") = "Unity.Timeline.Editor", "Unity.Timeline.Editor.csproj", "{AA29F0E3-0E63-D503-1239-1B8EBD6A4728}"
EndProject
Project("{FAE04EC0-301F-11D3-BF4B-00C04F79EFBC}") = "Unity.2D.Animation.Editor", "Unity.2D.Animation.Editor.csproj", "{BE2679FD-849C-8BC8-B646-48B7A317CD7E}"
EndProject
Project("{FAE04EC0-301F-11D3-BF4B-00C04F79EFBC}") = "Unity.2D.Path.Editor", "Unity.2D.Path.Editor.csproj", "{2ABCFEE0-2E28-DD4D-8073-2257465429AD}"
EndProject
Project("{FAE04EC0-301F-11D3-BF4B-00C04F79EFBC}") = "Unity.2D.Sprite.Editor", "Unity.2D.Sprite.Editor.csproj", "{2ABF18FF-D922-2679-0230-6C25C84100FB}"
EndProject
Project("{FAE04EC0-301F-11D3-BF4B-00C04F79EFBC}") = "UnityEditor.UI", "UnityEditor.UI.csproj", "{13A74752-A1ED-59FE-62AB-D57B27713115}"
EndProject
Project("{FAE04EC0-301F-11D3-BF4B-00C04F79EFBC}") = "Assembly-CSharp-Editor", "Assembly-CSharp-Editor.csproj", "{B34427BE-378E-2EC1-6075-FF059C8C22C5}"
EndProject
Project("{FAE04EC0-301F-11D3-BF4B-00C04F79EFBC}") = "Unity.2D.Tilemap.Extras.Editor", "Unity.2D.Tilemap.Extras.Editor.csproj", "{5E63BD9D-7DD5-27D5-EF89-DD0C01203D29}"
EndProject
Project("{FAE04EC0-301F-11D3-BF4B-00C04F79EFBC}") = "Unity.Rider.Editor", "Unity.Rider.Editor.csproj", "{A4FC764E-6C39-00DC-2A73-892AFE924A8B}"
EndProject
Project("{FAE04EC0-301F-11D3-BF4B-00C04F79EFBC}") = "Unity.2D.Tilemap.Editor", "Unity.2D.Tilemap.Editor.csproj", "{FDDE7361-2E44-F500-3B7F-985122F7AE34}"
EndProject
Project("{FAE04EC0-301F-11D3-BF4B-00C04F79EFBC}") = "Unity.2D.SpriteShape.Editor", "Unity.2D.SpriteShape.Editor.csproj", "{7C3490A7-18CB-CC6A-90CF-169DF9EB0B32}"
EndProject
Project("{FAE04EC0-301F-11D3-BF4B-00C04F79EFBC}") = "PsdPlugin", "PsdPlugin.csproj", "{43D2E2F2-3F7C-C5F2-4B8E-A976263338B4}"
EndProject
Project("{FAE04EC0-301F-11D3-BF4B-00C04F79EFBC}") = "Unity.CollabProxy.Editor", "Unity.CollabProxy.Editor.csproj", "{F85BEE65-96BB-455D-A6B1-2AE6236F351D}"
EndProject
Project("{FAE04EC0-301F-11D3-BF4B-00C04F79EFBC}") = "Unity.VSCode.Editor", "Unity.VSCode.Editor.csproj", "{2DBC4742-4A80-354A-9D92-EF6B1B677355}"
EndProject
Project("{FAE04EC0-301F-11D3-BF4B-00C04F79EFBC}") = "Unity.2D.IK.Editor", "Unity.2D.IK.Editor.csproj", "{B1A4EFDA-EF58-F7EF-E4F8-1B058BE1BD49}"
EndProject
Project("{FAE04EC0-301F-11D3-BF4B-00C04F79EFBC}") = "Unity.2D.Common.Editor", "Unity.2D.Common.Editor.csproj", "{1184B0C5-ACEF-2798-7BC3-4B34F7ACA812}"
EndProject
Project("{FAE04EC0-301F-11D3-BF4B-00C04F79EFBC}") = "Unity.2D.Psdimporter.Editor", "Unity.2D.Psdimporter.Editor.csproj", "{F3AAA95A-46D5-B77A-42BE-11C1FD4588A9}"
EndProject
Project("{FAE04EC0-301F-11D3-BF4B-00C04F79EFBC}") = "Unity.Mathematics.Editor", "Unity.Mathematics.Editor.csproj", "{6A27E045-21FB-9019-0432-26E22642AB3A}"
EndProject
Project("{FAE04EC0-301F-11D3-BF4B-00C04F79EFBC}") = "Unity.2D.Tilemap.Extras.Placeholder.EditorTests", "Unity.2D.Tilemap.Extras.Placeholder.EditorTests.csproj", "{DD02C007-352B-03C7-5F7B-E4F4B95CAE3A}"
EndProject
Project("{FAE04EC0-301F-11D3-BF4B-00C04F79EFBC}") = "spine-unity-examples-editor", "spine-unity-examples-editor.csproj", "{1ACD95A2-1B19-9FAD-3CBF-09DFB63539A8}"
EndProject
Project("{FAE04EC0-301F-11D3-BF4B-00C04F79EFBC}") = "Unity.InternalAPIEditorBridge.001", "Unity.InternalAPIEditorBridge.001.csproj", "{AA63602A-36C9-2662-F3E0-922E30824F53}"
EndProject
Project("{FAE04EC0-301F-11D3-BF4B-00C04F79EFBC}") = "Unity.2D.Animation.Samples.Editor", "Unity.2D.Animation.Samples.Editor.csproj", "{89FBFBA1-715A-4967-F387-9E7C1DECD000}"
EndProject
Global
	GlobalSection(SolutionConfigurationPlatforms) = preSolution
		Debug|Any CPU = Debug|Any CPU
		Release|Any CPU = Release|Any CPU
	EndGlobalSection
	GlobalSection(ProjectConfigurationPlatforms) = postSolution
		{3AD5D737-BB46-43C5-6011-5F44AA481467}.Debug|Any CPU.ActiveCfg = Debug|Any CPU
		{3AD5D737-BB46-43C5-6011-5F44AA481467}.Debug|Any CPU.Build.0 = Debug|Any CPU
		{3AD5D737-BB46-43C5-6011-5F44AA481467}.Release|Any CPU.ActiveCfg = Release|Any CPU
		{3AD5D737-BB46-43C5-6011-5F44AA481467}.Release|Any CPU.Build.0 = Release|Any CPU
		{E025EA90-C78F-9AC0-F05D-C35AFF9569C1}.Debug|Any CPU.ActiveCfg = Debug|Any CPU
		{E025EA90-C78F-9AC0-F05D-C35AFF9569C1}.Debug|Any CPU.Build.0 = Debug|Any CPU
		{E025EA90-C78F-9AC0-F05D-C35AFF9569C1}.Release|Any CPU.ActiveCfg = Release|Any CPU
		{E025EA90-C78F-9AC0-F05D-C35AFF9569C1}.Release|Any CPU.Build.0 = Release|Any CPU
		{D6A58FDB-716E-A35E-63E7-4F684EB27A4B}.Debug|Any CPU.ActiveCfg = Debug|Any CPU
		{D6A58FDB-716E-A35E-63E7-4F684EB27A4B}.Debug|Any CPU.Build.0 = Debug|Any CPU
		{D6A58FDB-716E-A35E-63E7-4F684EB27A4B}.Release|Any CPU.ActiveCfg = Release|Any CPU
		{D6A58FDB-716E-A35E-63E7-4F684EB27A4B}.Release|Any CPU.Build.0 = Release|Any CPU
		{2C89CBA3-08BB-0C61-05D3-972ADC0DD2B5}.Debug|Any CPU.ActiveCfg = Debug|Any CPU
		{2C89CBA3-08BB-0C61-05D3-972ADC0DD2B5}.Debug|Any CPU.Build.0 = Debug|Any CPU
		{2C89CBA3-08BB-0C61-05D3-972ADC0DD2B5}.Release|Any CPU.ActiveCfg = Release|Any CPU
		{2C89CBA3-08BB-0C61-05D3-972ADC0DD2B5}.Release|Any CPU.Build.0 = Release|Any CPU
		{C3FAB29D-5BF8-BC34-60CB-67F1F47A1DE4}.Debug|Any CPU.ActiveCfg = Debug|Any CPU
		{C3FAB29D-5BF8-BC34-60CB-67F1F47A1DE4}.Debug|Any CPU.Build.0 = Debug|Any CPU
		{C3FAB29D-5BF8-BC34-60CB-67F1F47A1DE4}.Release|Any CPU.ActiveCfg = Release|Any CPU
		{C3FAB29D-5BF8-BC34-60CB-67F1F47A1DE4}.Release|Any CPU.Build.0 = Release|Any CPU
		{01888144-24C7-EF8D-DDCC-2F69F07179F5}.Debug|Any CPU.ActiveCfg = Debug|Any CPU
		{01888144-24C7-EF8D-DDCC-2F69F07179F5}.Debug|Any CPU.Build.0 = Debug|Any CPU
		{01888144-24C7-EF8D-DDCC-2F69F07179F5}.Release|Any CPU.ActiveCfg = Release|Any CPU
		{01888144-24C7-EF8D-DDCC-2F69F07179F5}.Release|Any CPU.Build.0 = Release|Any CPU
		{C15AF1E8-68A1-2A1E-80D2-8E60BD939F93}.Debug|Any CPU.ActiveCfg = Debug|Any CPU
		{C15AF1E8-68A1-2A1E-80D2-8E60BD939F93}.Debug|Any CPU.Build.0 = Debug|Any CPU
		{C15AF1E8-68A1-2A1E-80D2-8E60BD939F93}.Release|Any CPU.ActiveCfg = Release|Any CPU
		{C15AF1E8-68A1-2A1E-80D2-8E60BD939F93}.Release|Any CPU.Build.0 = Release|Any CPU
		{326D1CCA-FB50-9598-E741-941A90BEB579}.Debug|Any CPU.ActiveCfg = Debug|Any CPU
		{326D1CCA-FB50-9598-E741-941A90BEB579}.Debug|Any CPU.Build.0 = Debug|Any CPU
		{326D1CCA-FB50-9598-E741-941A90BEB579}.Release|Any CPU.ActiveCfg = Release|Any CPU
		{326D1CCA-FB50-9598-E741-941A90BEB579}.Release|Any CPU.Build.0 = Release|Any CPU
		{A5411E80-1028-4520-CDE1-C07180FAD1BF}.Debug|Any CPU.ActiveCfg = Debug|Any CPU
		{A5411E80-1028-4520-CDE1-C07180FAD1BF}.Debug|Any CPU.Build.0 = Debug|Any CPU
		{A5411E80-1028-4520-CDE1-C07180FAD1BF}.Release|Any CPU.ActiveCfg = Release|Any CPU
		{A5411E80-1028-4520-CDE1-C07180FAD1BF}.Release|Any CPU.Build.0 = Release|Any CPU
		{9D91C28E-E091-3E28-BF88-28E729B7FE3D}.Debug|Any CPU.ActiveCfg = Debug|Any CPU
		{9D91C28E-E091-3E28-BF88-28E729B7FE3D}.Debug|Any CPU.Build.0 = Debug|Any CPU
		{9D91C28E-E091-3E28-BF88-28E729B7FE3D}.Release|Any CPU.ActiveCfg = Release|Any CPU
		{9D91C28E-E091-3E28-BF88-28E729B7FE3D}.Release|Any CPU.Build.0 = Release|Any CPU
		{4DBB3D16-1CDB-5F16-1FE5-B60B269B18D3}.Debug|Any CPU.ActiveCfg = Debug|Any CPU
		{4DBB3D16-1CDB-5F16-1FE5-B60B269B18D3}.Debug|Any CPU.Build.0 = Debug|Any CPU
		{4DBB3D16-1CDB-5F16-1FE5-B60B269B18D3}.Release|Any CPU.ActiveCfg = Release|Any CPU
		{4DBB3D16-1CDB-5F16-1FE5-B60B269B18D3}.Release|Any CPU.Build.0 = Release|Any CPU
		{037C5131-19BA-8CC8-25BE-CEF54A74E5CF}.Debug|Any CPU.ActiveCfg = Debug|Any CPU
		{037C5131-19BA-8CC8-25BE-CEF54A74E5CF}.Debug|Any CPU.Build.0 = Debug|Any CPU
		{037C5131-19BA-8CC8-25BE-CEF54A74E5CF}.Release|Any CPU.ActiveCfg = Release|Any CPU
		{037C5131-19BA-8CC8-25BE-CEF54A74E5CF}.Release|Any CPU.Build.0 = Release|Any CPU
		{0D979CDD-8CFA-5E34-E5F7-F9C2A7FC29E6}.Debug|Any CPU.ActiveCfg = Debug|Any CPU
		{0D979CDD-8CFA-5E34-E5F7-F9C2A7FC29E6}.Debug|Any CPU.Build.0 = Debug|Any CPU
		{0D979CDD-8CFA-5E34-E5F7-F9C2A7FC29E6}.Release|Any CPU.ActiveCfg = Release|Any CPU
		{0D979CDD-8CFA-5E34-E5F7-F9C2A7FC29E6}.Release|Any CPU.Build.0 = Release|Any CPU
		{061270B3-F96F-9C5C-4343-95D5C721DE04}.Debug|Any CPU.ActiveCfg = Debug|Any CPU
		{061270B3-F96F-9C5C-4343-95D5C721DE04}.Debug|Any CPU.Build.0 = Debug|Any CPU
		{061270B3-F96F-9C5C-4343-95D5C721DE04}.Release|Any CPU.ActiveCfg = Release|Any CPU
		{061270B3-F96F-9C5C-4343-95D5C721DE04}.Release|Any CPU.Build.0 = Release|Any CPU
		{43FE15FC-EE31-9E67-8C40-7E4E619D4E35}.Debug|Any CPU.ActiveCfg = Debug|Any CPU
		{43FE15FC-EE31-9E67-8C40-7E4E619D4E35}.Debug|Any CPU.Build.0 = Debug|Any CPU
		{43FE15FC-EE31-9E67-8C40-7E4E619D4E35}.Release|Any CPU.ActiveCfg = Release|Any CPU
		{43FE15FC-EE31-9E67-8C40-7E4E619D4E35}.Release|Any CPU.Build.0 = Release|Any CPU
		{20F23A3C-D0C8-4B72-0EDB-F4F25F9DDD79}.Debug|Any CPU.ActiveCfg = Debug|Any CPU
		{20F23A3C-D0C8-4B72-0EDB-F4F25F9DDD79}.Debug|Any CPU.Build.0 = Debug|Any CPU
		{20F23A3C-D0C8-4B72-0EDB-F4F25F9DDD79}.Release|Any CPU.ActiveCfg = Release|Any CPU
		{20F23A3C-D0C8-4B72-0EDB-F4F25F9DDD79}.Release|Any CPU.Build.0 = Release|Any CPU
		{E1C4FC3F-02A1-BDE1-4B42-14BED774A759}.Debug|Any CPU.ActiveCfg = Debug|Any CPU
		{E1C4FC3F-02A1-BDE1-4B42-14BED774A759}.Debug|Any CPU.Build.0 = Debug|Any CPU
		{E1C4FC3F-02A1-BDE1-4B42-14BED774A759}.Release|Any CPU.ActiveCfg = Release|Any CPU
		{E1C4FC3F-02A1-BDE1-4B42-14BED774A759}.Release|Any CPU.Build.0 = Release|Any CPU
		{72DE7E71-83B9-6021-D86A-56184E0ABB9E}.Debug|Any CPU.ActiveCfg = Debug|Any CPU
		{72DE7E71-83B9-6021-D86A-56184E0ABB9E}.Debug|Any CPU.Build.0 = Debug|Any CPU
		{72DE7E71-83B9-6021-D86A-56184E0ABB9E}.Release|Any CPU.ActiveCfg = Release|Any CPU
		{72DE7E71-83B9-6021-D86A-56184E0ABB9E}.Release|Any CPU.Build.0 = Release|Any CPU
		{9BCE459E-7EE5-E991-DD53-2626C294DEBA}.Debug|Any CPU.ActiveCfg = Debug|Any CPU
		{9BCE459E-7EE5-E991-DD53-2626C294DEBA}.Debug|Any CPU.Build.0 = Debug|Any CPU
		{9BCE459E-7EE5-E991-DD53-2626C294DEBA}.Release|Any CPU.ActiveCfg = Release|Any CPU
		{9BCE459E-7EE5-E991-DD53-2626C294DEBA}.Release|Any CPU.Build.0 = Release|Any CPU
		{CFE8075B-D301-BB68-C32D-6592088A08CF}.Debug|Any CPU.ActiveCfg = Debug|Any CPU
		{CFE8075B-D301-BB68-C32D-6592088A08CF}.Debug|Any CPU.Build.0 = Debug|Any CPU
		{CFE8075B-D301-BB68-C32D-6592088A08CF}.Release|Any CPU.ActiveCfg = Release|Any CPU
		{CFE8075B-D301-BB68-C32D-6592088A08CF}.Release|Any CPU.Build.0 = Release|Any CPU
		{17296A3A-38A1-E316-47CE-61824614DAFD}.Debug|Any CPU.ActiveCfg = Debug|Any CPU
		{17296A3A-38A1-E316-47CE-61824614DAFD}.Debug|Any CPU.Build.0 = Debug|Any CPU
		{17296A3A-38A1-E316-47CE-61824614DAFD}.Release|Any CPU.ActiveCfg = Release|Any CPU
		{17296A3A-38A1-E316-47CE-61824614DAFD}.Release|Any CPU.Build.0 = Release|Any CPU
		{AA29F0E3-0E63-D503-1239-1B8EBD6A4728}.Debug|Any CPU.ActiveCfg = Debug|Any CPU
		{AA29F0E3-0E63-D503-1239-1B8EBD6A4728}.Debug|Any CPU.Build.0 = Debug|Any CPU
		{AA29F0E3-0E63-D503-1239-1B8EBD6A4728}.Release|Any CPU.ActiveCfg = Release|Any CPU
		{AA29F0E3-0E63-D503-1239-1B8EBD6A4728}.Release|Any CPU.Build.0 = Release|Any CPU
		{BE2679FD-849C-8BC8-B646-48B7A317CD7E}.Debug|Any CPU.ActiveCfg = Debug|Any CPU
		{BE2679FD-849C-8BC8-B646-48B7A317CD7E}.Debug|Any CPU.Build.0 = Debug|Any CPU
		{BE2679FD-849C-8BC8-B646-48B7A317CD7E}.Release|Any CPU.ActiveCfg = Release|Any CPU
		{BE2679FD-849C-8BC8-B646-48B7A317CD7E}.Release|Any CPU.Build.0 = Release|Any CPU
		{2ABCFEE0-2E28-DD4D-8073-2257465429AD}.Debug|Any CPU.ActiveCfg = Debug|Any CPU
		{2ABCFEE0-2E28-DD4D-8073-2257465429AD}.Debug|Any CPU.Build.0 = Debug|Any CPU
		{2ABCFEE0-2E28-DD4D-8073-2257465429AD}.Release|Any CPU.ActiveCfg = Release|Any CPU
		{2ABCFEE0-2E28-DD4D-8073-2257465429AD}.Release|Any CPU.Build.0 = Release|Any CPU
		{2ABF18FF-D922-2679-0230-6C25C84100FB}.Debug|Any CPU.ActiveCfg = Debug|Any CPU
		{2ABF18FF-D922-2679-0230-6C25C84100FB}.Debug|Any CPU.Build.0 = Debug|Any CPU
		{2ABF18FF-D922-2679-0230-6C25C84100FB}.Release|Any CPU.ActiveCfg = Release|Any CPU
		{2ABF18FF-D922-2679-0230-6C25C84100FB}.Release|Any CPU.Build.0 = Release|Any CPU
		{13A74752-A1ED-59FE-62AB-D57B27713115}.Debug|Any CPU.ActiveCfg = Debug|Any CPU
		{13A74752-A1ED-59FE-62AB-D57B27713115}.Debug|Any CPU.Build.0 = Debug|Any CPU
		{13A74752-A1ED-59FE-62AB-D57B27713115}.Release|Any CPU.ActiveCfg = Release|Any CPU
		{13A74752-A1ED-59FE-62AB-D57B27713115}.Release|Any CPU.Build.0 = Release|Any CPU
		{B34427BE-378E-2EC1-6075-FF059C8C22C5}.Debug|Any CPU.ActiveCfg = Debug|Any CPU
		{B34427BE-378E-2EC1-6075-FF059C8C22C5}.Debug|Any CPU.Build.0 = Debug|Any CPU
		{B34427BE-378E-2EC1-6075-FF059C8C22C5}.Release|Any CPU.ActiveCfg = Release|Any CPU
		{B34427BE-378E-2EC1-6075-FF059C8C22C5}.Release|Any CPU.Build.0 = Release|Any CPU
		{5E63BD9D-7DD5-27D5-EF89-DD0C01203D29}.Debug|Any CPU.ActiveCfg = Debug|Any CPU
		{5E63BD9D-7DD5-27D5-EF89-DD0C01203D29}.Debug|Any CPU.Build.0 = Debug|Any CPU
		{5E63BD9D-7DD5-27D5-EF89-DD0C01203D29}.Release|Any CPU.ActiveCfg = Release|Any CPU
		{5E63BD9D-7DD5-27D5-EF89-DD0C01203D29}.Release|Any CPU.Build.0 = Release|Any CPU
		{A4FC764E-6C39-00DC-2A73-892AFE924A8B}.Debug|Any CPU.ActiveCfg = Debug|Any CPU
		{A4FC764E-6C39-00DC-2A73-892AFE924A8B}.Debug|Any CPU.Build.0 = Debug|Any CPU
		{A4FC764E-6C39-00DC-2A73-892AFE924A8B}.Release|Any CPU.ActiveCfg = Release|Any CPU
		{A4FC764E-6C39-00DC-2A73-892AFE924A8B}.Release|Any CPU.Build.0 = Release|Any CPU
		{FDDE7361-2E44-F500-3B7F-985122F7AE34}.Debug|Any CPU.ActiveCfg = Debug|Any CPU
		{FDDE7361-2E44-F500-3B7F-985122F7AE34}.Debug|Any CPU.Build.0 = Debug|Any CPU
		{FDDE7361-2E44-F500-3B7F-985122F7AE34}.Release|Any CPU.ActiveCfg = Release|Any CPU
		{FDDE7361-2E44-F500-3B7F-985122F7AE34}.Release|Any CPU.Build.0 = Release|Any CPU
		{7C3490A7-18CB-CC6A-90CF-169DF9EB0B32}.Debug|Any CPU.ActiveCfg = Debug|Any CPU
		{7C3490A7-18CB-CC6A-90CF-169DF9EB0B32}.Debug|Any CPU.Build.0 = Debug|Any CPU
		{7C3490A7-18CB-CC6A-90CF-169DF9EB0B32}.Release|Any CPU.ActiveCfg = Release|Any CPU
		{7C3490A7-18CB-CC6A-90CF-169DF9EB0B32}.Release|Any CPU.Build.0 = Release|Any CPU
		{43D2E2F2-3F7C-C5F2-4B8E-A976263338B4}.Debug|Any CPU.ActiveCfg = Debug|Any CPU
		{43D2E2F2-3F7C-C5F2-4B8E-A976263338B4}.Debug|Any CPU.Build.0 = Debug|Any CPU
		{43D2E2F2-3F7C-C5F2-4B8E-A976263338B4}.Release|Any CPU.ActiveCfg = Release|Any CPU
		{43D2E2F2-3F7C-C5F2-4B8E-A976263338B4}.Release|Any CPU.Build.0 = Release|Any CPU
		{F85BEE65-96BB-455D-A6B1-2AE6236F351D}.Debug|Any CPU.ActiveCfg = Debug|Any CPU
		{F85BEE65-96BB-455D-A6B1-2AE6236F351D}.Debug|Any CPU.Build.0 = Debug|Any CPU
		{F85BEE65-96BB-455D-A6B1-2AE6236F351D}.Release|Any CPU.ActiveCfg = Release|Any CPU
		{F85BEE65-96BB-455D-A6B1-2AE6236F351D}.Release|Any CPU.Build.0 = Release|Any CPU
		{2DBC4742-4A80-354A-9D92-EF6B1B677355}.Debug|Any CPU.ActiveCfg = Debug|Any CPU
		{2DBC4742-4A80-354A-9D92-EF6B1B677355}.Debug|Any CPU.Build.0 = Debug|Any CPU
		{2DBC4742-4A80-354A-9D92-EF6B1B677355}.Release|Any CPU.ActiveCfg = Release|Any CPU
		{2DBC4742-4A80-354A-9D92-EF6B1B677355}.Release|Any CPU.Build.0 = Release|Any CPU
		{B1A4EFDA-EF58-F7EF-E4F8-1B058BE1BD49}.Debug|Any CPU.ActiveCfg = Debug|Any CPU
		{B1A4EFDA-EF58-F7EF-E4F8-1B058BE1BD49}.Debug|Any CPU.Build.0 = Debug|Any CPU
		{B1A4EFDA-EF58-F7EF-E4F8-1B058BE1BD49}.Release|Any CPU.ActiveCfg = Release|Any CPU
		{B1A4EFDA-EF58-F7EF-E4F8-1B058BE1BD49}.Release|Any CPU.Build.0 = Release|Any CPU
		{1184B0C5-ACEF-2798-7BC3-4B34F7ACA812}.Debug|Any CPU.ActiveCfg = Debug|Any CPU
		{1184B0C5-ACEF-2798-7BC3-4B34F7ACA812}.Debug|Any CPU.Build.0 = Debug|Any CPU
		{1184B0C5-ACEF-2798-7BC3-4B34F7ACA812}.Release|Any CPU.ActiveCfg = Release|Any CPU
		{1184B0C5-ACEF-2798-7BC3-4B34F7ACA812}.Release|Any CPU.Build.0 = Release|Any CPU
		{F3AAA95A-46D5-B77A-42BE-11C1FD4588A9}.Debug|Any CPU.ActiveCfg = Debug|Any CPU
		{F3AAA95A-46D5-B77A-42BE-11C1FD4588A9}.Debug|Any CPU.Build.0 = Debug|Any CPU
		{F3AAA95A-46D5-B77A-42BE-11C1FD4588A9}.Release|Any CPU.ActiveCfg = Release|Any CPU
		{F3AAA95A-46D5-B77A-42BE-11C1FD4588A9}.Release|Any CPU.Build.0 = Release|Any CPU
		{6A27E045-21FB-9019-0432-26E22642AB3A}.Debug|Any CPU.ActiveCfg = Debug|Any CPU
		{6A27E045-21FB-9019-0432-26E22642AB3A}.Debug|Any CPU.Build.0 = Debug|Any CPU
		{6A27E045-21FB-9019-0432-26E22642AB3A}.Release|Any CPU.ActiveCfg = Release|Any CPU
		{6A27E045-21FB-9019-0432-26E22642AB3A}.Release|Any CPU.Build.0 = Release|Any CPU
		{DD02C007-352B-03C7-5F7B-E4F4B95CAE3A}.Debug|Any CPU.ActiveCfg = Debug|Any CPU
		{DD02C007-352B-03C7-5F7B-E4F4B95CAE3A}.Debug|Any CPU.Build.0 = Debug|Any CPU
		{DD02C007-352B-03C7-5F7B-E4F4B95CAE3A}.Release|Any CPU.ActiveCfg = Release|Any CPU
		{DD02C007-352B-03C7-5F7B-E4F4B95CAE3A}.Release|Any CPU.Build.0 = Release|Any CPU
		{1ACD95A2-1B19-9FAD-3CBF-09DFB63539A8}.Debug|Any CPU.ActiveCfg = Debug|Any CPU
		{1ACD95A2-1B19-9FAD-3CBF-09DFB63539A8}.Debug|Any CPU.Build.0 = Debug|Any CPU
		{1ACD95A2-1B19-9FAD-3CBF-09DFB63539A8}.Release|Any CPU.ActiveCfg = Release|Any CPU
		{1ACD95A2-1B19-9FAD-3CBF-09DFB63539A8}.Release|Any CPU.Build.0 = Release|Any CPU
		{AA63602A-36C9-2662-F3E0-922E30824F53}.Debug|Any CPU.ActiveCfg = Debug|Any CPU
		{AA63602A-36C9-2662-F3E0-922E30824F53}.Debug|Any CPU.Build.0 = Debug|Any CPU
		{AA63602A-36C9-2662-F3E0-922E30824F53}.Release|Any CPU.ActiveCfg = Release|Any CPU
		{AA63602A-36C9-2662-F3E0-922E30824F53}.Release|Any CPU.Build.0 = Release|Any CPU
		{89FBFBA1-715A-4967-F387-9E7C1DECD000}.Debug|Any CPU.ActiveCfg = Debug|Any CPU
		{89FBFBA1-715A-4967-F387-9E7C1DECD000}.Debug|Any CPU.Build.0 = Debug|Any CPU
		{89FBFBA1-715A-4967-F387-9E7C1DECD000}.Release|Any CPU.ActiveCfg = Release|Any CPU
		{89FBFBA1-715A-4967-F387-9E7C1DECD000}.Release|Any CPU.Build.0 = Release|Any CPU
	EndGlobalSection
	GlobalSection(SolutionProperties) = preSolution
		HideSolutionNode = FALSE
	EndGlobalSection
EndGlobal
